
Microsoft Visual Studio Solution File, Format Version 12.00
# Visual Studio 2013
VisualStudioVersion = 12.0.21005.1
MinimumVisualStudioVersion = 10.0.40219.1
Project("{F2A71F9B-5D33-465A-A702-920D77279786}") = "MinesweeperProvider", "MinesweeperProvider\MinesweeperProvider.fsproj", "{A89AE601-B032-4533-878C-92D71830BFD6}"
EndProject
Global
	GlobalSection(SolutionConfigurationPlatforms) = preSolution
		Debug|Any CPU = Debug|Any CPU
		Release|Any CPU = Release|Any CPU
	EndGlobalSection
	GlobalSection(ProjectConfigurationPlatforms) = postSolution
		{A89AE601-B032-4533-878C-92D71830BFD6}.Debug|Any CPU.ActiveCfg = Debug|Any CPU
		{A89AE601-B032-4533-878C-92D71830BFD6}.Debug|Any CPU.Build.0 = Debug|Any CPU
		{A89AE601-B032-4533-878C-92D71830BFD6}.Release|Any CPU.ActiveCfg = Release|Any CPU
		{A89AE601-B032-4533-878C-92D71830BFD6}.Release|Any CPU.Build.0 = Release|Any CPU
	EndGlobalSection
	GlobalSection(SolutionProperties) = preSolution
		HideSolutionNode = FALSE
	EndGlobalSection
EndGlobal
